
Microsoft Visual Studio Solution File, Format Version 12.00
# Visual Studio Version 16
VisualStudioVersion = 16.0.33529.622
MinimumVisualStudioVersion = 10.0.40219.1
Project("{FAE04EC0-301F-11D3-BF4B-00C04F79EFBC}") = "NeedyStreamerOverload4", "NeedyStreamerOverload4\NeedyStreamerOverload4.csproj", "{8538E194-3819-4616-AC45-C8BA735D5C76}"
EndProject
Global
	GlobalSection(SolutionConfigurationPlatforms) = preSolution
		Debug|Any CPU = Debug|Any CPU
		Release|Any CPU = Release|Any CPU
	EndGlobalSection
	GlobalSection(ProjectConfigurationPlatforms) = postSolution
		{8538E194-3819-4616-AC45-C8BA735D5C76}.Debug|Any CPU.ActiveCfg = Debug|Any CPU
		{8538E194-3819-4616-AC45-C8BA735D5C76}.Debug|Any CPU.Build.0 = Debug|Any CPU
		{8538E194-3819-4616-AC45-C8BA735D5C76}.Release|Any CPU.ActiveCfg = Release|Any CPU
		{8538E194-3819-4616-AC45-C8BA735D5C76}.Release|Any CPU.Build.0 = Release|Any CPU
	EndGlobalSection
	GlobalSection(SolutionProperties) = preSolution
		HideSolutionNode = FALSE
	EndGlobalSection
	GlobalSection(ExtensibilityGlobals) = postSolution
		SolutionGuid = {89D48458-BAE8-4B6B-B757-AA48684A2126}
	EndGlobalSection
EndGlobal
